
Microsoft Visual Studio Solution File, Format Version 12.00
# Visual Studio Version 16
VisualStudioVersion = 16.0.31112.23
MinimumVisualStudioVersion = 10.0.40219.1
Project("{FAE04EC0-301F-11D3-BF4B-00C04F79EFBC}") = "AlgoRomeo", "AlgoRomeo\AlgoRomeo.csproj", "{C30D91C2-2460-4DDB-AD9A-334BA06F291E}"
EndProject
Global
	GlobalSection(SolutionConfigurationPlatforms) = preSolution
		Debug|Any CPU = Debug|Any CPU
		Release|Any CPU = Release|Any CPU
	EndGlobalSection
	GlobalSection(ProjectConfigurationPlatforms) = postSolution
		{C30D91C2-2460-4DDB-AD9A-334BA06F291E}.Debug|Any CPU.ActiveCfg = Debug|Any CPU
		{C30D91C2-2460-4DDB-AD9A-334BA06F291E}.Debug|Any CPU.Build.0 = Debug|Any CPU
		{C30D91C2-2460-4DDB-AD9A-334BA06F291E}.Release|Any CPU.ActiveCfg = Release|Any CPU
		{C30D91C2-2460-4DDB-AD9A-334BA06F291E}.Release|Any CPU.Build.0 = Release|Any CPU
	EndGlobalSection
	GlobalSection(SolutionProperties) = preSolution
		HideSolutionNode = FALSE
	EndGlobalSection
	GlobalSection(ExtensibilityGlobals) = postSolution
		SolutionGuid = {58331E50-A303-476D-B03F-CE4D230BF056}
	EndGlobalSection
EndGlobal
