
Microsoft Visual Studio Solution File, Format Version 12.00
# Visual Studio Version 16
VisualStudioVersion = 16.0.31112.23
MinimumVisualStudioVersion = 10.0.40219.1
Project("{FAE04EC0-301F-11D3-BF4B-00C04F79EFBC}") = "Table5", "Table5\Table5.csproj", "{52A30065-5C6C-413B-ACFF-B1E63C86D69F}"
EndProject
Global
	GlobalSection(SolutionConfigurationPlatforms) = preSolution
		Debug|Any CPU = Debug|Any CPU
		Release|Any CPU = Release|Any CPU
	EndGlobalSection
	GlobalSection(ProjectConfigurationPlatforms) = postSolution
		{52A30065-5C6C-413B-ACFF-B1E63C86D69F}.Debug|Any CPU.ActiveCfg = Debug|Any CPU
		{52A30065-5C6C-413B-ACFF-B1E63C86D69F}.Debug|Any CPU.Build.0 = Debug|Any CPU
		{52A30065-5C6C-413B-ACFF-B1E63C86D69F}.Release|Any CPU.ActiveCfg = Release|Any CPU
		{52A30065-5C6C-413B-ACFF-B1E63C86D69F}.Release|Any CPU.Build.0 = Release|Any CPU
	EndGlobalSection
	GlobalSection(SolutionProperties) = preSolution
		HideSolutionNode = FALSE
	EndGlobalSection
	GlobalSection(ExtensibilityGlobals) = postSolution
		SolutionGuid = {E4964A0C-B1A2-4CAD-A84F-56705103DE16}
	EndGlobalSection
EndGlobal
